{
  "version": "3",
  "packages": {
    "specifiers": {
      "jsr:@littletof/charmd": "jsr:@littletof/charmd@0.1.2",
      "jsr:@littletof/charmd@^0.1.2": "jsr:@littletof/charmd@0.1.2",
      "jsr:@std/fmt@0.223.0": "jsr:@std/fmt@0.223.0"
    },
    "jsr": {
      "@littletof/charmd@0.1.2": {
        "integrity": "1d349b5a4acb3d9fe054e5c856ee8a5c0f18bbdccf1f0d733b6e73d518514928",
        "dependencies": [
          "jsr:@std/fmt@0.223.0"
        ]
      },
      "@std/fmt@0.223.0": {
        "integrity": "6deb37794127dfc7d7bded2586b9fc6f5d50e62a8134846608baf71ffc1a5208"
      }
    }
  },
  "remote": {}
}
